
Microsoft Visual Studio Solution File, Format Version 12.00
# Visual Studio Version 16
VisualStudioVersion = 16.0.31129.286
MinimumVisualStudioVersion = 10.0.40219.1
Project("{FAE04EC0-301F-11D3-BF4B-00C04F79EFBC}") = "Bazaar.UWP", "Bazaar.UWP\Bazaar.UWP.csproj", "{8CDDE287-F512-4D7E-9DD8-08D1D0EE9A40}"
EndProject
Project("{FAE04EC0-301F-11D3-BF4B-00C04F79EFBC}") = "Bazaar.Android", "Bazaar.Android\Bazaar.Android.csproj", "{0764DDBE-019D-4898-9BD8-842F6BFB8197}"
EndProject
Project("{FAE04EC0-301F-11D3-BF4B-00C04F79EFBC}") = "Bazaar", "Bazaar\Bazaar.csproj", "{73525F86-E79F-49D7-A87D-423DDE5B0DAC}"
EndProject
Global
	GlobalSection(SolutionConfigurationPlatforms) = preSolution
		Debug|Any CPU = Debug|Any CPU
		Debug|ARM = Debug|ARM
		Debug|x64 = Debug|x64
		Debug|x86 = Debug|x86
		Release|Any CPU = Release|Any CPU
		Release|ARM = Release|ARM
		Release|x64 = Release|x64
		Release|x86 = Release|x86
	EndGlobalSection
	GlobalSection(ProjectConfigurationPlatforms) = postSolution
		{8CDDE287-F512-4D7E-9DD8-08D1D0EE9A40}.Debug|Any CPU.ActiveCfg = Debug|x86
		{8CDDE287-F512-4D7E-9DD8-08D1D0EE9A40}.Debug|Any CPU.Build.0 = Debug|x86
		{8CDDE287-F512-4D7E-9DD8-08D1D0EE9A40}.Debug|Any CPU.Deploy.0 = Debug|x86
		{8CDDE287-F512-4D7E-9DD8-08D1D0EE9A40}.Debug|ARM.ActiveCfg = Debug|ARM
		{8CDDE287-F512-4D7E-9DD8-08D1D0EE9A40}.Debug|ARM.Build.0 = Debug|ARM
		{8CDDE287-F512-4D7E-9DD8-08D1D0EE9A40}.Debug|ARM.Deploy.0 = Debug|ARM
		{8CDDE287-F512-4D7E-9DD8-08D1D0EE9A40}.Debug|x64.ActiveCfg = Debug|x64
		{8CDDE287-F512-4D7E-9DD8-08D1D0EE9A40}.Debug|x64.Build.0 = Debug|x64
		{8CDDE287-F512-4D7E-9DD8-08D1D0EE9A40}.Debug|x64.Deploy.0 = Debug|x64
		{8CDDE287-F512-4D7E-9DD8-08D1D0EE9A40}.Debug|x86.ActiveCfg = Debug|x86
		{8CDDE287-F512-4D7E-9DD8-08D1D0EE9A40}.Debug|x86.Build.0 = Debug|x86
		{8CDDE287-F512-4D7E-9DD8-08D1D0EE9A40}.Debug|x86.Deploy.0 = Debug|x86
		{8CDDE287-F512-4D7E-9DD8-08D1D0EE9A40}.Release|Any CPU.ActiveCfg = Release|x86
		{8CDDE287-F512-4D7E-9DD8-08D1D0EE9A40}.Release|Any CPU.Build.0 = Release|x86
		{8CDDE287-F512-4D7E-9DD8-08D1D0EE9A40}.Release|Any CPU.Deploy.0 = Release|x86
		{8CDDE287-F512-4D7E-9DD8-08D1D0EE9A40}.Release|ARM.ActiveCfg = Release|ARM
		{8CDDE287-F512-4D7E-9DD8-08D1D0EE9A40}.Release|ARM.Build.0 = Release|ARM
		{8CDDE287-F512-4D7E-9DD8-08D1D0EE9A40}.Release|ARM.Deploy.0 = Release|ARM
		{8CDDE287-F512-4D7E-9DD8-08D1D0EE9A40}.Release|x64.ActiveCfg = Release|x64
		{8CDDE287-F512-4D7E-9DD8-08D1D0EE9A40}.Release|x64.Build.0 = Release|x64
		{8CDDE287-F512-4D7E-9DD8-08D1D0EE9A40}.Release|x64.Deploy.0 = Release|x64
		{8CDDE287-F512-4D7E-9DD8-08D1D0EE9A40}.Release|x86.ActiveCfg = Release|x86
		{8CDDE287-F512-4D7E-9DD8-08D1D0EE9A40}.Release|x86.Build.0 = Release|x86
		{8CDDE287-F512-4D7E-9DD8-08D1D0EE9A40}.Release|x86.Deploy.0 = Release|x86
		{0764DDBE-019D-4898-9BD8-842F6BFB8197}.Debug|Any CPU.ActiveCfg = Debug|Any CPU
		{0764DDBE-019D-4898-9BD8-842F6BFB8197}.Debug|Any CPU.Build.0 = Debug|Any CPU
		{0764DDBE-019D-4898-9BD8-842F6BFB8197}.Debug|Any CPU.Deploy.0 = Debug|Any CPU
		{0764DDBE-019D-4898-9BD8-842F6BFB8197}.Debug|ARM.ActiveCfg = Debug|Any CPU
		{0764DDBE-019D-4898-9BD8-842F6BFB8197}.Debug|ARM.Build.0 = Debug|Any CPU
		{0764DDBE-019D-4898-9BD8-842F6BFB8197}.Debug|ARM.Deploy.0 = Debug|Any CPU
		{0764DDBE-019D-4898-9BD8-842F6BFB8197}.Debug|x64.ActiveCfg = Debug|Any CPU
		{0764DDBE-019D-4898-9BD8-842F6BFB8197}.Debug|x64.Build.0 = Debug|Any CPU
		{0764DDBE-019D-4898-9BD8-842F6BFB8197}.Debug|x64.Deploy.0 = Debug|Any CPU
		{0764DDBE-019D-4898-9BD8-842F6BFB8197}.Debug|x86.ActiveCfg = Debug|Any CPU
		{0764DDBE-019D-4898-9BD8-842F6BFB8197}.Debug|x86.Build.0 = Debug|Any CPU
		{0764DDBE-019D-4898-9BD8-842F6BFB8197}.Debug|x86.Deploy.0 = Debug|Any CPU
		{0764DDBE-019D-4898-9BD8-842F6BFB8197}.Release|Any CPU.ActiveCfg = Release|Any CPU
		{0764DDBE-019D-4898-9BD8-842F6BFB8197}.Release|Any CPU.Build.0 = Release|Any CPU
		{0764DDBE-019D-4898-9BD8-842F6BFB8197}.Release|Any CPU.Deploy.0 = Release|Any CPU
		{0764DDBE-019D-4898-9BD8-842F6BFB8197}.Release|ARM.ActiveCfg = Release|Any CPU
		{0764DDBE-019D-4898-9BD8-842F6BFB8197}.Release|ARM.Build.0 = Release|Any CPU
		{0764DDBE-019D-4898-9BD8-842F6BFB8197}.Release|ARM.Deploy.0 = Release|Any CPU
		{0764DDBE-019D-4898-9BD8-842F6BFB8197}.Release|x64.ActiveCfg = Release|Any CPU
		{0764DDBE-019D-4898-9BD8-842F6BFB8197}.Release|x64.Build.0 = Release|Any CPU
		{0764DDBE-019D-4898-9BD8-842F6BFB8197}.Release|x64.Deploy.0 = Release|Any CPU
		{0764DDBE-019D-4898-9BD8-842F6BFB8197}.Release|x86.ActiveCfg = Release|Any CPU
		{0764DDBE-019D-4898-9BD8-842F6BFB8197}.Release|x86.Build.0 = Release|Any CPU
		{0764DDBE-019D-4898-9BD8-842F6BFB8197}.Release|x86.Deploy.0 = Release|Any CPU
		{73525F86-E79F-49D7-A87D-423DDE5B0DAC}.Debug|Any CPU.ActiveCfg = Debug|Any CPU
		{73525F86-E79F-49D7-A87D-423DDE5B0DAC}.Debug|Any CPU.Build.0 = Debug|Any CPU
		{73525F86-E79F-49D7-A87D-423DDE5B0DAC}.Debug|Any CPU.Deploy.0 = Debug|Any CPU
		{73525F86-E79F-49D7-A87D-423DDE5B0DAC}.Debug|ARM.ActiveCfg = Debug|Any CPU
		{73525F86-E79F-49D7-A87D-423DDE5B0DAC}.Debug|ARM.Build.0 = Debug|Any CPU
		{73525F86-E79F-49D7-A87D-423DDE5B0DAC}.Debug|ARM.Deploy.0 = Debug|Any CPU
		{73525F86-E79F-49D7-A87D-423DDE5B0DAC}.Debug|x64.ActiveCfg = Debug|Any CPU
		{73525F86-E79F-49D7-A87D-423DDE5B0DAC}.Debug|x64.Build.0 = Debug|Any CPU
		{73525F86-E79F-49D7-A87D-423DDE5B0DAC}.Debug|x64.Deploy.0 = Debug|Any CPU
		{73525F86-E79F-49D7-A87D-423DDE5B0DAC}.Debug|x86.ActiveCfg = Debug|Any CPU
		{73525F86-E79F-49D7-A87D-423DDE5B0DAC}.Debug|x86.Build.0 = Debug|Any CPU
		{73525F86-E79F-49D7-A87D-423DDE5B0DAC}.Debug|x86.Deploy.0 = Debug|Any CPU
		{73525F86-E79F-49D7-A87D-423DDE5B0DAC}.Release|Any CPU.ActiveCfg = Release|Any CPU
		{73525F86-E79F-49D7-A87D-423DDE5B0DAC}.Release|Any CPU.Build.0 = Release|Any CPU
		{73525F86-E79F-49D7-A87D-423DDE5B0DAC}.Release|Any CPU.Deploy.0 = Release|Any CPU
		{73525F86-E79F-49D7-A87D-423DDE5B0DAC}.Release|ARM.ActiveCfg = Release|Any CPU
		{73525F86-E79F-49D7-A87D-423DDE5B0DAC}.Release|ARM.Build.0 = Release|Any CPU
		{73525F86-E79F-49D7-A87D-423DDE5B0DAC}.Release|ARM.Deploy.0 = Release|Any CPU
		{73525F86-E79F-49D7-A87D-423DDE5B0DAC}.Release|x64.ActiveCfg = Release|Any CPU
		{73525F86-E79F-49D7-A87D-423DDE5B0DAC}.Release|x64.Build.0 = Release|Any CPU
		{73525F86-E79F-49D7-A87D-423DDE5B0DAC}.Release|x64.Deploy.0 = Release|Any CPU
		{73525F86-E79F-49D7-A87D-423DDE5B0DAC}.Release|x86.ActiveCfg = Release|Any CPU
		{73525F86-E79F-49D7-A87D-423DDE5B0DAC}.Release|x86.Build.0 = Release|Any CPU
		{73525F86-E79F-49D7-A87D-423DDE5B0DAC}.Release|x86.Deploy.0 = Release|Any CPU
	EndGlobalSection
	GlobalSection(SolutionProperties) = preSolution
		HideSolutionNode = FALSE
	EndGlobalSection
	GlobalSection(ExtensibilityGlobals) = postSolution
		SolutionGuid = {5BA98143-9C72-4073-8331-24F7F16157EB}
	EndGlobalSection
EndGlobal
